
Microsoft Visual Studio Solution File, Format Version 12.00
# Visual Studio Version 17
VisualStudioVersion = 17.4.33110.190
MinimumVisualStudioVersion = 10.0.40219.1
Project("{9A19103F-16F7-4668-BE54-9A1E7A4F7556}") = "Commons", "Commons\Commons.csproj", "{F33FCFD4-A4AA-4379-AF82-17407181DABD}"
EndProject
Project("{9A19103F-16F7-4668-BE54-9A1E7A4F7556}") = "AOC2022TestProject", "Tests\AOC2022TestProject.csproj", "{30869DDE-AEB5-4AAF-AAF4-173C5855F729}"
EndProject
Project("{9A19103F-16F7-4668-BE54-9A1E7A4F7556}") = "AOC2022Day1", "Day1\AOC2022Day1.csproj", "{45C027DA-C360-4189-99A7-E55553F17B3F}"
EndProject
Project("{9A19103F-16F7-4668-BE54-9A1E7A4F7556}") = "AOC2022Day2", "Day2\AOC2022Day2.csproj", "{59E86503-949A-4EC5-8BC5-936D7A9241C3}"
EndProject
Project("{9A19103F-16F7-4668-BE54-9A1E7A4F7556}") = "AOC2022Day3", "Day3\AOC2022Day3.csproj", "{7D466C63-654A-43E1-8BA5-93B72C849A6E}"
EndProject
Project("{9A19103F-16F7-4668-BE54-9A1E7A4F7556}") = "AOC2022Day4", "Day4\AOC2022Day4.csproj", "{44C0A6A1-8FFB-41DE-A093-ACCB9E9DD26F}"
EndProject
Project("{9A19103F-16F7-4668-BE54-9A1E7A4F7556}") = "AOC2022Day5", "Day5\AOC2022Day5.csproj", "{F29727F0-5349-4103-9306-A9BF62BE72E0}"
EndProject
Project("{9A19103F-16F7-4668-BE54-9A1E7A4F7556}") = "AOC2022Day6", "Day6\AOC2022Day6.csproj", "{53FBE3EC-D107-4666-B191-9E36D5DC0042}"
EndProject
Global
	GlobalSection(SolutionConfigurationPlatforms) = preSolution
		Debug|Any CPU = Debug|Any CPU
		Release|Any CPU = Release|Any CPU
	EndGlobalSection
	GlobalSection(ProjectConfigurationPlatforms) = postSolution
		{F33FCFD4-A4AA-4379-AF82-17407181DABD}.Debug|Any CPU.ActiveCfg = Debug|Any CPU
		{F33FCFD4-A4AA-4379-AF82-17407181DABD}.Debug|Any CPU.Build.0 = Debug|Any CPU
		{F33FCFD4-A4AA-4379-AF82-17407181DABD}.Release|Any CPU.ActiveCfg = Release|Any CPU
		{F33FCFD4-A4AA-4379-AF82-17407181DABD}.Release|Any CPU.Build.0 = Release|Any CPU
		{30869DDE-AEB5-4AAF-AAF4-173C5855F729}.Debug|Any CPU.ActiveCfg = Debug|Any CPU
		{30869DDE-AEB5-4AAF-AAF4-173C5855F729}.Debug|Any CPU.Build.0 = Debug|Any CPU
		{30869DDE-AEB5-4AAF-AAF4-173C5855F729}.Release|Any CPU.ActiveCfg = Release|Any CPU
		{30869DDE-AEB5-4AAF-AAF4-173C5855F729}.Release|Any CPU.Build.0 = Release|Any CPU
		{45C027DA-C360-4189-99A7-E55553F17B3F}.Debug|Any CPU.ActiveCfg = Debug|Any CPU
		{45C027DA-C360-4189-99A7-E55553F17B3F}.Debug|Any CPU.Build.0 = Debug|Any CPU
		{45C027DA-C360-4189-99A7-E55553F17B3F}.Release|Any CPU.ActiveCfg = Release|Any CPU
		{45C027DA-C360-4189-99A7-E55553F17B3F}.Release|Any CPU.Build.0 = Release|Any CPU
		{59E86503-949A-4EC5-8BC5-936D7A9241C3}.Debug|Any CPU.ActiveCfg = Debug|Any CPU
		{59E86503-949A-4EC5-8BC5-936D7A9241C3}.Debug|Any CPU.Build.0 = Debug|Any CPU
		{59E86503-949A-4EC5-8BC5-936D7A9241C3}.Release|Any CPU.ActiveCfg = Release|Any CPU
		{59E86503-949A-4EC5-8BC5-936D7A9241C3}.Release|Any CPU.Build.0 = Release|Any CPU
		{7D466C63-654A-43E1-8BA5-93B72C849A6E}.Debug|Any CPU.ActiveCfg = Debug|Any CPU
		{7D466C63-654A-43E1-8BA5-93B72C849A6E}.Debug|Any CPU.Build.0 = Debug|Any CPU
		{7D466C63-654A-43E1-8BA5-93B72C849A6E}.Release|Any CPU.ActiveCfg = Release|Any CPU
		{7D466C63-654A-43E1-8BA5-93B72C849A6E}.Release|Any CPU.Build.0 = Release|Any CPU
		{44C0A6A1-8FFB-41DE-A093-ACCB9E9DD26F}.Debug|Any CPU.ActiveCfg = Debug|Any CPU
		{44C0A6A1-8FFB-41DE-A093-ACCB9E9DD26F}.Debug|Any CPU.Build.0 = Debug|Any CPU
		{44C0A6A1-8FFB-41DE-A093-ACCB9E9DD26F}.Release|Any CPU.ActiveCfg = Release|Any CPU
		{44C0A6A1-8FFB-41DE-A093-ACCB9E9DD26F}.Release|Any CPU.Build.0 = Release|Any CPU
		{F29727F0-5349-4103-9306-A9BF62BE72E0}.Debug|Any CPU.ActiveCfg = Debug|Any CPU
		{F29727F0-5349-4103-9306-A9BF62BE72E0}.Debug|Any CPU.Build.0 = Debug|Any CPU
		{F29727F0-5349-4103-9306-A9BF62BE72E0}.Release|Any CPU.ActiveCfg = Release|Any CPU
		{F29727F0-5349-4103-9306-A9BF62BE72E0}.Release|Any CPU.Build.0 = Release|Any CPU
		{53FBE3EC-D107-4666-B191-9E36D5DC0042}.Debug|Any CPU.ActiveCfg = Debug|Any CPU
		{53FBE3EC-D107-4666-B191-9E36D5DC0042}.Debug|Any CPU.Build.0 = Debug|Any CPU
		{53FBE3EC-D107-4666-B191-9E36D5DC0042}.Release|Any CPU.ActiveCfg = Release|Any CPU
		{53FBE3EC-D107-4666-B191-9E36D5DC0042}.Release|Any CPU.Build.0 = Release|Any CPU
	EndGlobalSection
	GlobalSection(SolutionProperties) = preSolution
		HideSolutionNode = FALSE
	EndGlobalSection
	GlobalSection(ExtensibilityGlobals) = postSolution
		SolutionGuid = {88603349-24F0-4F22-ACA8-CD48F9119FD7}
	EndGlobalSection
EndGlobal
